<Solution>
  <Folder Name="/doc/" />
  <Folder Name="/src/">
    <Project Path="src/BlaisePascal.LessonsExample.Domain/BlaisePascal.LessonsExample.Domain.csproj" />
  </Folder>
  <Folder Name="/test/">
    <Project Path="test/BlaisePascal.LessonsExample.DomainTest/BlaisePascal.LessonsExample.DomainTest.csproj" />
  </Folder>
</Solution>
